
Microsoft Visual Studio Solution File, Format Version 12.00
# Visual Studio 15
VisualStudioVersion = 15.0.27428.2005
MinimumVisualStudioVersion = 10.0.40219.1
Project("{FAE04EC0-301F-11D3-BF4B-00C04F79EFBC}") = "GeoLib.Core", "GeoLib.Core\GeoLib.Core.csproj", "{FE63D8C5-C67A-4684-A012-613E886F456D}"
EndProject
Global
	GlobalSection(SolutionConfigurationPlatforms) = preSolution
		Debug|Any CPU = Debug|Any CPU
		Release|Any CPU = Release|Any CPU
	EndGlobalSection
	GlobalSection(ProjectConfigurationPlatforms) = postSolution
		{FE63D8C5-C67A-4684-A012-613E886F456D}.Debug|Any CPU.ActiveCfg = Debug|Any CPU
		{FE63D8C5-C67A-4684-A012-613E886F456D}.Debug|Any CPU.Build.0 = Debug|Any CPU
		{FE63D8C5-C67A-4684-A012-613E886F456D}.Release|Any CPU.ActiveCfg = Release|Any CPU
		{FE63D8C5-C67A-4684-A012-613E886F456D}.Release|Any CPU.Build.0 = Release|Any CPU
	EndGlobalSection
	GlobalSection(SolutionProperties) = preSolution
		HideSolutionNode = FALSE
	EndGlobalSection
	GlobalSection(ExtensibilityGlobals) = postSolution
		SolutionGuid = {0D93B489-3A28-4A56-AC43-2A2B8A42557E}
	EndGlobalSection
EndGlobal
